// !$*UTF8*$!
{
	archiveVersion = 1;
	classes = {
	};
	objectVersion = 56;
	objects = {

/* Begin PBXBuildFile section */
		4FDDB73C2C4AFE7900CAB075 /* Airbnb_cloneApp.swift in Sources */ = {isa = PBXBuildFile; fileRef = 4FDDB73B2C4AFE7900CAB075 /* Airbnb_cloneApp.swift */; };
		4FDDB73E2C4AFE7900CAB075 /* ContentView.swift in Sources */ = {isa = PBXBuildFile; fileRef = 4FDDB73D2C4AFE7900CAB075 /* ContentView.swift */; };
		4FDDB7402C4AFE7B00CAB075 /* Assets.xcassets in Resources */ = {isa = PBXBuildFile; fileRef = 4FDDB73F2C4AFE7B00CAB075 /* Assets.xcassets */; };
		4FDDB7432C4AFE7B00CAB075 /* Preview Assets.xcassets in Resources */ = {isa = PBXBuildFile; fileRef = 4FDDB7422C4AFE7B00CAB075 /* Preview Assets.xcassets */; };
		4FDDB7592C4BF78D00CAB075 /* ExploreView.swift in Sources */ = {isa = PBXBuildFile; fileRef = 4FDDB7582C4BF78C00CAB075 /* ExploreView.swift */; };
		4FDDB75B2C4BFA1E00CAB075 /* ListingItemView.swift in Sources */ = {isa = PBXBuildFile; fileRef = 4FDDB75A2C4BFA1E00CAB075 /* ListingItemView.swift */; };
		4FDDB75D2C4C046800CAB075 /* SearchAndFilterBar.swift in Sources */ = {isa = PBXBuildFile; fileRef = 4FDDB75C2C4C046800CAB075 /* SearchAndFilterBar.swift */; };
		4FDDB75F2C4C0A9100CAB075 /* ListingDetailView.swift in Sources */ = {isa = PBXBuildFile; fileRef = 4FDDB75E2C4C0A9100CAB075 /* ListingDetailView.swift */; };
		4FDDB7622C4C0B6000CAB075 /* ListingImageCarouselView.swift in Sources */ = {isa = PBXBuildFile; fileRef = 4FDDB7612C4C0B6000CAB075 /* ListingImageCarouselView.swift */; };
		4FDDB7642C4C285900CAB075 /* DestinationSearchView.swift in Sources */ = {isa = PBXBuildFile; fileRef = 4FDDB7632C4C285900CAB075 /* DestinationSearchView.swift */; };
		4FDDB7662C4D9D0100CAB075 /* ProfileView.swift in Sources */ = {isa = PBXBuildFile; fileRef = 4FDDB7652C4D9D0100CAB075 /* ProfileView.swift */; };
		4FDDB7682C4D9F9400CAB075 /* ProfileOptionRowView.swift in Sources */ = {isa = PBXBuildFile; fileRef = 4FDDB7672C4D9F9400CAB075 /* ProfileOptionRowView.swift */; };
/* End PBXBuildFile section */

/* Begin PBXFileReference section */
		4FDDB7382C4AFE7900CAB075 /* Airbnb clone.app */ = {isa = PBXFileReference; explicitFileType = wrapper.application; includeInIndex = 0; path = "Airbnb clone.app"; sourceTree = BUILT_PRODUCTS_DIR; };
		4FDDB73B2C4AFE7900CAB075 /* Airbnb_cloneApp.swift */ = {isa = PBXFileReference; lastKnownFileType = sourcecode.swift; path = Airbnb_cloneApp.swift; sourceTree = "<group>"; };
		4FDDB73D2C4AFE7900CAB075 /* ContentView.swift */ = {isa = PBXFileReference; lastKnownFileType = sourcecode.swift; path = ContentView.swift; sourceTree = "<group>"; };
		4FDDB73F2C4AFE7B00CAB075 /* Assets.xcassets */ = {isa = PBXFileReference; lastKnownFileType = folder.assetcatalog; path = Assets.xcassets; sourceTree = "<group>"; };
		4FDDB7422C4AFE7B00CAB075 /* Preview Assets.xcassets */ = {isa = PBXFileReference; lastKnownFileType = folder.assetcatalog; path = "Preview Assets.xcassets"; sourceTree = "<group>"; };
		4FDDB7582C4BF78C00CAB075 /* ExploreView.swift */ = {isa = PBXFileReference; lastKnownFileType = sourcecode.swift; path = ExploreView.swift; sourceTree = "<group>"; };
		4FDDB75A2C4BFA1E00CAB075 /* ListingItemView.swift */ = {isa = PBXFileReference; lastKnownFileType = sourcecode.swift; path = ListingItemView.swift; sourceTree = "<group>"; };
		4FDDB75C2C4C046800CAB075 /* SearchAndFilterBar.swift */ = {isa = PBXFileReference; lastKnownFileType = sourcecode.swift; path = SearchAndFilterBar.swift; sourceTree = "<group>"; };
		4FDDB75E2C4C0A9100CAB075 /* ListingDetailView.swift */ = {isa = PBXFileReference; lastKnownFileType = sourcecode.swift; path = ListingDetailView.swift; sourceTree = "<group>"; };
		4FDDB7612C4C0B6000CAB075 /* ListingImageCarouselView.swift */ = {isa = PBXFileReference; lastKnownFileType = sourcecode.swift; path = ListingImageCarouselView.swift; sourceTree = "<group>"; };
		4FDDB7632C4C285900CAB075 /* DestinationSearchView.swift */ = {isa = PBXFileReference; lastKnownFileType = sourcecode.swift; path = DestinationSearchView.swift; sourceTree = "<group>"; };
		4FDDB7652C4D9D0100CAB075 /* ProfileView.swift */ = {isa = PBXFileReference; lastKnownFileType = sourcecode.swift; path = ProfileView.swift; sourceTree = "<group>"; };
		4FDDB7672C4D9F9400CAB075 /* ProfileOptionRowView.swift */ = {isa = PBXFileReference; lastKnownFileType = sourcecode.swift; path = ProfileOptionRowView.swift; sourceTree = "<group>"; };
/* End PBXFileReference section */

/* Begin PBXFrameworksBuildPhase section */
		4FDDB7352C4AFE7900CAB075 /* Frameworks */ = {
			isa = PBXFrameworksBuildPhase;
			buildActionMask = 2147483647;
			files = (
			);
			runOnlyForDeploymentPostprocessing = 0;
		};
/* End PBXFrameworksBuildPhase section */

/* Begin PBXGroup section */
		4FDDB72F2C4AFE7900CAB075 = {
			isa = PBXGroup;
			children = (
				4FDDB73A2C4AFE7900CAB075 /* Airbnb clone */,
				4FDDB7392C4AFE7900CAB075 /* Products */,
			);
			sourceTree = "<group>";
		};
		4FDDB7392C4AFE7900CAB075 /* Products */ = {
			isa = PBXGroup;
			children = (
				4FDDB7382C4AFE7900CAB075 /* Airbnb clone.app */,
			);
			name = Products;
			sourceTree = "<group>";
		};
		4FDDB73A2C4AFE7900CAB075 /* Airbnb clone */ = {
			isa = PBXGroup;
			children = (
				4FDDB74F2C4BF5FE00CAB075 /* App */,
				4FDDB74E2C4BF5FD00CAB075 /* Core */,
				4FDDB74D2C4BF5F900CAB075 /* Extensions */,
				4FDDB7492C4BF5E500CAB075 /* Models */,
				4FDDB7502C4BF62800CAB075 /* Utils */,
				4FDDB73B2C4AFE7900CAB075 /* Airbnb_cloneApp.swift */,
				4FDDB73D2C4AFE7900CAB075 /* ContentView.swift */,
				4FDDB73F2C4AFE7B00CAB075 /* Assets.xcassets */,
				4FDDB7412C4AFE7B00CAB075 /* Preview Content */,
			);
			path = "Airbnb clone";
			sourceTree = "<group>";
		};
		4FDDB7412C4AFE7B00CAB075 /* Preview Content */ = {
			isa = PBXGroup;
			children = (
				4FDDB7422C4AFE7B00CAB075 /* Preview Assets.xcassets */,
			);
			path = "Preview Content";
			sourceTree = "<group>";
		};
		4FDDB7492C4BF5E500CAB075 /* Models */ = {
			isa = PBXGroup;
			children = (
			);
			path = Models;
			sourceTree = "<group>";
		};
		4FDDB74D2C4BF5F900CAB075 /* Extensions */ = {
			isa = PBXGroup;
			children = (
			);
			path = Extensions;
			sourceTree = "<group>";
		};
		4FDDB74E2C4BF5FD00CAB075 /* Core */ = {
			isa = PBXGroup;
			children = (
				4FDDB7602C4C0B4500CAB075 /* Components */,
				4FDDB7512C4BF64C00CAB075 /* Explore */,
				4FDDB7522C4BF65000CAB075 /* Listings */,
				4FDDB7532C4BF65800CAB075 /* MapView */,
				4FDDB7542C4BF65A00CAB075 /* Profile */,
				4FDDB7552C4BF65B00CAB075 /* Root */,
				4FDDB7562C4BF65D00CAB075 /* TabBar */,
				4FDDB7572C4BF68100CAB075 /* Whishlits */,
			);
			path = Core;
			sourceTree = "<group>";
		};
		4FDDB74F2C4BF5FE00CAB075 /* App */ = {
			isa = PBXGroup;
			children = (
			);
			path = App;
			sourceTree = "<group>";
		};
		4FDDB7502C4BF62800CAB075 /* Utils */ = {
			isa = PBXGroup;
			children = (
			);
			path = Utils;
			sourceTree = "<group>";
		};
		4FDDB7512C4BF64C00CAB075 /* Explore */ = {
			isa = PBXGroup;
			children = (
				4FDDB7582C4BF78C00CAB075 /* ExploreView.swift */,
				4FDDB75C2C4C046800CAB075 /* SearchAndFilterBar.swift */,
				4FDDB7632C4C285900CAB075 /* DestinationSearchView.swift */,
			);
			path = Explore;
			sourceTree = "<group>";
		};
		4FDDB7522C4BF65000CAB075 /* Listings */ = {
			isa = PBXGroup;
			children = (
				4FDDB75A2C4BFA1E00CAB075 /* ListingItemView.swift */,
				4FDDB75E2C4C0A9100CAB075 /* ListingDetailView.swift */,
			);
			path = Listings;
			sourceTree = "<group>";
		};
		4FDDB7532C4BF65800CAB075 /* MapView */ = {
			isa = PBXGroup;
			children = (
			);
			path = MapView;
			sourceTree = "<group>";
		};
		4FDDB7542C4BF65A00CAB075 /* Profile */ = {
			isa = PBXGroup;
			children = (
				4FDDB7652C4D9D0100CAB075 /* ProfileView.swift */,
				4FDDB7672C4D9F9400CAB075 /* ProfileOptionRowView.swift */,
			);
			path = Profile;
			sourceTree = "<group>";
		};
		4FDDB7552C4BF65B00CAB075 /* Root */ = {
			isa = PBXGroup;
			children = (
			);
			path = Root;
			sourceTree = "<group>";
		};
		4FDDB7562C4BF65D00CAB075 /* TabBar */ = {
			isa = PBXGroup;
			children = (
			);
			path = TabBar;
			sourceTree = "<group>";
		};
		4FDDB7572C4BF68100CAB075 /* Whishlits */ = {
			isa = PBXGroup;
			children = (
			);
			path = Whishlits;
			sourceTree = "<group>";
		};
		4FDDB7602C4C0B4500CAB075 /* Components */ = {
			isa = PBXGroup;
			children = (
				4FDDB7612C4C0B6000CAB075 /* ListingImageCarouselView.swift */,
			);
			path = Components;
			sourceTree = "<group>";
		};
/* End PBXGroup section */

/* Begin PBXNativeTarget section */
		4FDDB7372C4AFE7900CAB075 /* Airbnb clone */ = {
			isa = PBXNativeTarget;
			buildConfigurationList = 4FDDB7462C4AFE7B00CAB075 /* Build configuration list for PBXNativeTarget "Airbnb clone" */;
			buildPhases = (
				4FDDB7342C4AFE7900CAB075 /* Sources */,
				4FDDB7352C4AFE7900CAB075 /* Frameworks */,
				4FDDB7362C4AFE7900CAB075 /* Resources */,
			);
			buildRules = (
			);
			dependencies = (
			);
			name = "Airbnb clone";
			productName = "Airbnb clone";
			productReference = 4FDDB7382C4AFE7900CAB075 /* Airbnb clone.app */;
			productType = "com.apple.product-type.application";
		};
/* End PBXNativeTarget section */

/* Begin PBXProject section */
		4FDDB7302C4AFE7900CAB075 /* Project object */ = {
			isa = PBXProject;
			attributes = {
				BuildIndependentTargetsInParallel = 1;
				LastSwiftUpdateCheck = 1540;
				LastUpgradeCheck = 1540;
				TargetAttributes = {
					4FDDB7372C4AFE7900CAB075 = {
						CreatedOnToolsVersion = 15.4;
					};
				};
			};
			buildConfigurationList = 4FDDB7332C4AFE7900CAB075 /* Build configuration list for PBXProject "Airbnb clone" */;
			compatibilityVersion = "Xcode 14.0";
			developmentRegion = en;
			hasScannedForEncodings = 0;
			knownRegions = (
				en,
				Base,
			);
			mainGroup = 4FDDB72F2C4AFE7900CAB075;
			productRefGroup = 4FDDB7392C4AFE7900CAB075 /* Products */;
			projectDirPath = "";
			projectRoot = "";
			targets = (
				4FDDB7372C4AFE7900CAB075 /* Airbnb clone */,
			);
		};
/* End PBXProject section */

/* Begin PBXResourcesBuildPhase section */
		4FDDB7362C4AFE7900CAB075 /* Resources */ = {
			isa = PBXResourcesBuildPhase;
			buildActionMask = 2147483647;
			files = (
				4FDDB7432C4AFE7B00CAB075 /* Preview Assets.xcassets in Resources */,
				4FDDB7402C4AFE7B00CAB075 /* Assets.xcassets in Resources */,
			);
			runOnlyForDeploymentPostprocessing = 0;
		};
/* End PBXResourcesBuildPhase section */

/* Begin PBXSourcesBuildPhase section */
		4FDDB7342C4AFE7900CAB075 /* Sources */ = {
			isa = PBXSourcesBuildPhase;
			buildActionMask = 2147483647;
			files = (
				4FDDB7622C4C0B6000CAB075 /* ListingImageCarouselView.swift in Sources */,
				4FDDB7662C4D9D0100CAB075 /* ProfileView.swift in Sources */,
				4FDDB7682C4D9F9400CAB075 /* ProfileOptionRowView.swift in Sources */,
				4FDDB7642C4C285900CAB075 /* DestinationSearchView.swift in Sources */,
				4FDDB73E2C4AFE7900CAB075 /* ContentView.swift in Sources */,
				4FDDB75B2C4BFA1E00CAB075 /* ListingItemView.swift in Sources */,
				4FDDB7592C4BF78D00CAB075 /* ExploreView.swift in Sources */,
				4FDDB75D2C4C046800CAB075 /* SearchAndFilterBar.swift in Sources */,
				4FDDB75F2C4C0A9100CAB075 /* ListingDetailView.swift in Sources */,
				4FDDB73C2C4AFE7900CAB075 /* Airbnb_cloneApp.swift in Sources */,
			);
			runOnlyForDeploymentPostprocessing = 0;
		};
/* End PBXSourcesBuildPhase section */

/* Begin XCBuildConfiguration section */
		4FDDB7442C4AFE7B00CAB075 /* Debug */ = {
			isa = XCBuildConfiguration;
			buildSettings = {
				ALWAYS_SEARCH_USER_PATHS = NO;
				ASSETCATALOG_COMPILER_GENERATE_SWIFT_ASSET_SYMBOL_EXTENSIONS = YES;
				CLANG_ANALYZER_NONNULL = YES;
				CLANG_ANALYZER_NUMBER_OBJECT_CONVERSION = YES_AGGRESSIVE;
				CLANG_CXX_LANGUAGE_STANDARD = "gnu++20";
				CLANG_ENABLE_MODULES = YES;
				CLANG_ENABLE_OBJC_ARC = YES;
				CLANG_ENABLE_OBJC_WEAK = YES;
				CLANG_WARN_BLOCK_CAPTURE_AUTORELEASING = YES;
				CLANG_WARN_BOOL_CONVERSION = YES;
				CLANG_WARN_COMMA = YES;
				CLANG_WARN_CONSTANT_CONVERSION = YES;
				CLANG_WARN_DEPRECATED_OBJC_IMPLEMENTATIONS = YES;
				CLANG_WARN_DIRECT_OBJC_ISA_USAGE = YES_ERROR;
				CLANG_WARN_DOCUMENTATION_COMMENTS = YES;
				CLANG_WARN_EMPTY_BODY = YES;
				CLANG_WARN_ENUM_CONVERSION = YES;
				CLANG_WARN_INFINITE_RECURSION = YES;
				CLANG_WARN_INT_CONVERSION = YES;
				CLANG_WARN_NON_LITERAL_NULL_CONVERSION = YES;
				CLANG_WARN_OBJC_IMPLICIT_RETAIN_SELF = YES;
				CLANG_WARN_OBJC_LITERAL_CONVERSION = YES;
				CLANG_WARN_OBJC_ROOT_CLASS = YES_ERROR;
				CLANG_WARN_QUOTED_INCLUDE_IN_FRAMEWORK_HEADER = YES;
				CLANG_WARN_RANGE_LOOP_ANALYSIS = YES;
				CLANG_WARN_STRICT_PROTOTYPES = YES;
				CLANG_WARN_SUSPICIOUS_MOVE = YES;
				CLANG_WARN_UNGUARDED_AVAILABILITY = YES_AGGRESSIVE;
				CLANG_WARN_UNREACHABLE_CODE = YES;
				CLANG_WARN__DUPLICATE_METHOD_MATCH = YES;
				COPY_PHASE_STRIP = NO;
				DEBUG_INFORMATION_FORMAT = dwarf;
				ENABLE_STRICT_OBJC_MSGSEND = YES;
				ENABLE_TESTABILITY = YES;
				ENABLE_USER_SCRIPT_SANDBOXING = YES;
				GCC_C_LANGUAGE_STANDARD = gnu17;
				GCC_DYNAMIC_NO_PIC = NO;
				GCC_NO_COMMON_BLOCKS = YES;
				GCC_OPTIMIZATION_LEVEL = 0;
				GCC_PREPROCESSOR_DEFINITIONS = (
					"DEBUG=1",
					"$(inherited)",
				);
				GCC_WARN_64_TO_32_BIT_CONVERSION = YES;
				GCC_WARN_ABOUT_RETURN_TYPE = YES_ERROR;
				GCC_WARN_UNDECLARED_SELECTOR = YES;
				GCC_WARN_UNINITIALIZED_AUTOS = YES_AGGRESSIVE;
				GCC_WARN_UNUSED_FUNCTION = YES;
				GCC_WARN_UNUSED_VARIABLE = YES;
				IPHONEOS_DEPLOYMENT_TARGET = 17.5;
				LOCALIZATION_PREFERS_STRING_CATALOGS = YES;
				MTL_ENABLE_DEBUG_INFO = INCLUDE_SOURCE;
				MTL_FAST_MATH = YES;
				ONLY_ACTIVE_ARCH = YES;
				SDKROOT = iphoneos;
				SWIFT_ACTIVE_COMPILATION_CONDITIONS = "DEBUG $(inherited)";
				SWIFT_OPTIMIZATION_LEVEL = "-Onone";
			};
			name = Debug;
		};
		4FDDB7452C4AFE7B00CAB075 /* Release */ = {
			isa = XCBuildConfiguration;
			buildSettings = {
				ALWAYS_SEARCH_USER_PATHS = NO;
				ASSETCATALOG_COMPILER_GENERATE_SWIFT_ASSET_SYMBOL_EXTENSIONS = YES;
				CLANG_ANALYZER_NONNULL = YES;
				CLANG_ANALYZER_NUMBER_OBJECT_CONVERSION = YES_AGGRESSIVE;
				CLANG_CXX_LANGUAGE_STANDARD = "gnu++20";
				CLANG_ENABLE_MODULES = YES;
				CLANG_ENABLE_OBJC_ARC = YES;
				CLANG_ENABLE_OBJC_WEAK = YES;
				CLANG_WARN_BLOCK_CAPTURE_AUTORELEASING = YES;
				CLANG_WARN_BOOL_CONVERSION = YES;
				CLANG_WARN_COMMA = YES;
				CLANG_WARN_CONSTANT_CONVERSION = YES;
				CLANG_WARN_DEPRECATED_OBJC_IMPLEMENTATIONS = YES;
				CLANG_WARN_DIRECT_OBJC_ISA_USAGE = YES_ERROR;
				CLANG_WARN_DOCUMENTATION_COMMENTS = YES;
				CLANG_WARN_EMPTY_BODY = YES;
				CLANG_WARN_ENUM_CONVERSION = YES;
				CLANG_WARN_INFINITE_RECURSION = YES;
				CLANG_WARN_INT_CONVERSION = YES;
				CLANG_WARN_NON_LITERAL_NULL_CONVERSION = YES;
				CLANG_WARN_OBJC_IMPLICIT_RETAIN_SELF = YES;
				CLANG_WARN_OBJC_LITERAL_CONVERSION = YES;
				CLANG_WARN_OBJC_ROOT_CLASS = YES_ERROR;
				CLANG_WARN_QUOTED_INCLUDE_IN_FRAMEWORK_HEADER = YES;
				CLANG_WARN_RANGE_LOOP_ANALYSIS = YES;
				CLANG_WARN_STRICT_PROTOTYPES = YES;
				CLANG_WARN_SUSPICIOUS_MOVE = YES;
				CLANG_WARN_UNGUARDED_AVAILABILITY = YES_AGGRESSIVE;
				CLANG_WARN_UNREACHABLE_CODE = YES;
				CLANG_WARN__DUPLICATE_METHOD_MATCH = YES;
				COPY_PHASE_STRIP = NO;
				DEBUG_INFORMATION_FORMAT = "dwarf-with-dsym";
				ENABLE_NS_ASSERTIONS = NO;
				ENABLE_STRICT_OBJC_MSGSEND = YES;
				ENABLE_USER_SCRIPT_SANDBOXING = YES;
				GCC_C_LANGUAGE_STANDARD = gnu17;
				GCC_NO_COMMON_BLOCKS = YES;
				GCC_WARN_64_TO_32_BIT_CONVERSION = YES;
				GCC_WARN_ABOUT_RETURN_TYPE = YES_ERROR;
				GCC_WARN_UNDECLARED_SELECTOR = YES;
				GCC_WARN_UNINITIALIZED_AUTOS = YES_AGGRESSIVE;
				GCC_WARN_UNUSED_FUNCTION = YES;
				GCC_WARN_UNUSED_VARIABLE = YES;
				IPHONEOS_DEPLOYMENT_TARGET = 17.5;
				LOCALIZATION_PREFERS_STRING_CATALOGS = YES;
				MTL_ENABLE_DEBUG_INFO = NO;
				MTL_FAST_MATH = YES;
				SDKROOT = iphoneos;
				SWIFT_COMPILATION_MODE = wholemodule;
				VALIDATE_PRODUCT = YES;
			};
			name = Release;
		};
		4FDDB7472C4AFE7B00CAB075 /* Debug */ = {
			isa = XCBuildConfiguration;
			buildSettings = {
				ASSETCATALOG_COMPILER_APPICON_NAME = AppIcon;
				ASSETCATALOG_COMPILER_GLOBAL_ACCENT_COLOR_NAME = AccentColor;
				CODE_SIGN_STYLE = Automatic;
				CURRENT_PROJECT_VERSION = 1;
				DEVELOPMENT_ASSET_PATHS = "\"Airbnb clone/Preview Content\"";
				ENABLE_PREVIEWS = YES;
				GENERATE_INFOPLIST_FILE = YES;
				INFOPLIST_KEY_UIApplicationSceneManifest_Generation = YES;
				INFOPLIST_KEY_UIApplicationSupportsIndirectInputEvents = YES;
				INFOPLIST_KEY_UILaunchScreen_Generation = YES;
				INFOPLIST_KEY_UISupportedInterfaceOrientations_iPad = "UIInterfaceOrientationPortrait UIInterfaceOrientationPortraitUpsideDown UIInterfaceOrientationLandscapeLeft UIInterfaceOrientationLandscapeRight";
				INFOPLIST_KEY_UISupportedInterfaceOrientations_iPhone = "UIInterfaceOrientationPortrait UIInterfaceOrientationLandscapeLeft UIInterfaceOrientationLandscapeRight";
				LD_RUNPATH_SEARCH_PATHS = (
					"$(inherited)",
					"@executable_path/Frameworks",
				);
				MARKETING_VERSION = 1.0;
				PRODUCT_BUNDLE_IDENTIFIER = "com.vaanskii.Airbnb-clone";
				PRODUCT_NAME = "$(TARGET_NAME)";
				SWIFT_EMIT_LOC_STRINGS = YES;
				SWIFT_VERSION = 5.0;
				TARGETED_DEVICE_FAMILY = "1,2";
			};
			name = Debug;
		};
		4FDDB7482C4AFE7B00CAB075 /* Release */ = {
			isa = XCBuildConfiguration;
			buildSettings = {
				ASSETCATALOG_COMPILER_APPICON_NAME = AppIcon;
				ASSETCATALOG_COMPILER_GLOBAL_ACCENT_COLOR_NAME = AccentColor;
				CODE_SIGN_STYLE = Automatic;
				CURRENT_PROJECT_VERSION = 1;
				DEVELOPMENT_ASSET_PATHS = "\"Airbnb clone/Preview Content\"";
				ENABLE_PREVIEWS = YES;
				GENERATE_INFOPLIST_FILE = YES;
				INFOPLIST_KEY_UIApplicationSceneManifest_Generation = YES;
				INFOPLIST_KEY_UIApplicationSupportsIndirectInputEvents = YES;
				INFOPLIST_KEY_UILaunchScreen_Generation = YES;
				INFOPLIST_KEY_UISupportedInterfaceOrientations_iPad = "UIInterfaceOrientationPortrait UIInterfaceOrientationPortraitUpsideDown UIInterfaceOrientationLandscapeLeft UIInterfaceOrientationLandscapeRight";
				INFOPLIST_KEY_UISupportedInterfaceOrientations_iPhone = "UIInterfaceOrientationPortrait UIInterfaceOrientationLandscapeLeft UIInterfaceOrientationLandscapeRight";
				LD_RUNPATH_SEARCH_PATHS = (
					"$(inherited)",
					"@executable_path/Frameworks",
				);
				MARKETING_VERSION = 1.0;
				PRODUCT_BUNDLE_IDENTIFIER = "com.vaanskii.Airbnb-clone";
				PRODUCT_NAME = "$(TARGET_NAME)";
				SWIFT_EMIT_LOC_STRINGS = YES;
				SWIFT_VERSION = 5.0;
				TARGETED_DEVICE_FAMILY = "1,2";
			};
			name = Release;
		};
/* End XCBuildConfiguration section */

/* Begin XCConfigurationList section */
		4FDDB7332C4AFE7900CAB075 /* Build configuration list for PBXProject "Airbnb clone" */ = {
			isa = XCConfigurationList;
			buildConfigurations = (
				4FDDB7442C4AFE7B00CAB075 /* Debug */,
				4FDDB7452C4AFE7B00CAB075 /* Release */,
			);
			defaultConfigurationIsVisible = 0;
			defaultConfigurationName = Release;
		};
		4FDDB7462C4AFE7B00CAB075 /* Build configuration list for PBXNativeTarget "Airbnb clone" */ = {
			isa = XCConfigurationList;
			buildConfigurations = (
				4FDDB7472C4AFE7B00CAB075 /* Debug */,
				4FDDB7482C4AFE7B00CAB075 /* Release */,
			);
			defaultConfigurationIsVisible = 0;
			defaultConfigurationName = Release;
		};
/* End XCConfigurationList section */
	};
	rootObject = 4FDDB7302C4AFE7900CAB075 /* Project object */;
}
